
Microsoft Visual Studio Solution File, Format Version 12.00
# Visual Studio Version 17
VisualStudioVersion = 17.10.35013.160
MinimumVisualStudioVersion = 10.0.40219.1
Project("{FAE04EC0-301F-11D3-BF4B-00C04F79EFBC}") = "DLLTest", "DLLTest.csproj", "{AFB2D317-995E-4A97-BFCB-4EDAF5D48E0F}"
EndProject
Project("{FAE04EC0-301F-11D3-BF4B-00C04F79EFBC}") = "WebApplication2", "..\WebApplication2\WebApplication2.csproj", "{57F438AF-409D-4950-9D6A-83EE8CCDCD87}"
EndProject
Global
	GlobalSection(SolutionConfigurationPlatforms) = preSolution
		Debug|Any CPU = Debug|Any CPU
		Release|Any CPU = Release|Any CPU
	EndGlobalSection
	GlobalSection(ProjectConfigurationPlatforms) = postSolution
		{AFB2D317-995E-4A97-BFCB-4EDAF5D48E0F}.Debug|Any CPU.ActiveCfg = Debug|Any CPU
		{AFB2D317-995E-4A97-BFCB-4EDAF5D48E0F}.Debug|Any CPU.Build.0 = Debug|Any CPU
		{AFB2D317-995E-4A97-BFCB-4EDAF5D48E0F}.Release|Any CPU.ActiveCfg = Release|Any CPU
		{AFB2D317-995E-4A97-BFCB-4EDAF5D48E0F}.Release|Any CPU.Build.0 = Release|Any CPU
		{57F438AF-409D-4950-9D6A-83EE8CCDCD87}.Debug|Any CPU.ActiveCfg = Debug|Any CPU
		{57F438AF-409D-4950-9D6A-83EE8CCDCD87}.Debug|Any CPU.Build.0 = Debug|Any CPU
		{57F438AF-409D-4950-9D6A-83EE8CCDCD87}.Release|Any CPU.ActiveCfg = Release|Any CPU
		{57F438AF-409D-4950-9D6A-83EE8CCDCD87}.Release|Any CPU.Build.0 = Release|Any CPU
	EndGlobalSection
	GlobalSection(SolutionProperties) = preSolution
		HideSolutionNode = FALSE
	EndGlobalSection
	GlobalSection(ExtensibilityGlobals) = postSolution
		SolutionGuid = {03431A98-3F3B-41CB-BF1C-ED7F202502AB}
	EndGlobalSection
EndGlobal
